
Microsoft Visual Studio Solution File, Format Version 12.00
# Visual Studio Version 17
VisualStudioVersion = 17.7.34018.315
MinimumVisualStudioVersion = 10.0.40219.1
Project("{FAE04EC0-301F-11D3-BF4B-00C04F79EFBC}") = "Лаб_3", "Лаб_3.csproj", "{69F640AF-B6E2-41D4-8025-FEF86AE12A95}"
EndProject
Global
	GlobalSection(SolutionConfigurationPlatforms) = preSolution
		Debug|Any CPU = Debug|Any CPU
		Release|Any CPU = Release|Any CPU
	EndGlobalSection
	GlobalSection(ProjectConfigurationPlatforms) = postSolution
		{69F640AF-B6E2-41D4-8025-FEF86AE12A95}.Debug|Any CPU.ActiveCfg = Debug|Any CPU
		{69F640AF-B6E2-41D4-8025-FEF86AE12A95}.Debug|Any CPU.Build.0 = Debug|Any CPU
		{69F640AF-B6E2-41D4-8025-FEF86AE12A95}.Release|Any CPU.ActiveCfg = Release|Any CPU
		{69F640AF-B6E2-41D4-8025-FEF86AE12A95}.Release|Any CPU.Build.0 = Release|Any CPU
	EndGlobalSection
	GlobalSection(SolutionProperties) = preSolution
		HideSolutionNode = FALSE
	EndGlobalSection
	GlobalSection(ExtensibilityGlobals) = postSolution
		SolutionGuid = {36D36BEC-A07D-4C02-B9D1-24F9B45496DD}
	EndGlobalSection
EndGlobal
